
Microsoft Visual Studio Solution File, Format Version 12.00
Project("{2150E333-8FDC-42A3-9474-1A3956D46DE8}") = "src", "src", "{C49C16D5-D2DC-427C-9DC3-AD1CFA5785C8}"
	ProjectSection(SolutionItems) = preProject
		README.md = README.md
	EndProjectSection
EndProject
Project("{2150E333-8FDC-42A3-9474-1A3956D46DE8}") = "Leave", "Leave", "{64A9C930-BC41-4764-9056-539CC2E855BB}"
EndProject
Project("{2150E333-8FDC-42A3-9474-1A3956D46DE8}") = "Shift", "Shift", "{1690317C-391D-47B2-9656-B2891A396CE4}"
EndProject
Project("{FAE04EC0-301F-11D3-BF4B-00C04F79EFBC}") = "Leave.API", "src\Leave\Leave.API\Leave.API.csproj", "{972B862E-53D3-441B-8C09-8EC04191B72A}"
EndProject
Project("{FAE04EC0-301F-11D3-BF4B-00C04F79EFBC}") = "Leave.Application", "src\Leave\Leave.Application\Leave.Application.csproj", "{C4B20621-906D-4E7F-90C4-CEF8E7A39A29}"
EndProject
Project("{FAE04EC0-301F-11D3-BF4B-00C04F79EFBC}") = "Leave.Domain", "src\Leave\Leave.Domain\Leave.Domain.csproj", "{E31C51D1-E1E2-4464-BE6B-F5C17AC7B92A}"
EndProject
Project("{FAE04EC0-301F-11D3-BF4B-00C04F79EFBC}") = "Leave.Infrastructure", "src\Leave\Leave.Infrastructure\Leave.Infrastructure.csproj", "{60DC42E7-AF31-47B8-B896-3F6352CB6F8A}"
EndProject
Project("{FAE04EC0-301F-11D3-BF4B-00C04F79EFBC}") = "Shift.Application", "src\Shift\Shift.Application\Shift.Application.csproj", "{08410F88-2233-4C45-A180-1D0443883209}"
EndProject
Project("{FAE04EC0-301F-11D3-BF4B-00C04F79EFBC}") = "Shift.Domain", "src\Shift\Shift.Domain\Shift.Domain.csproj", "{AEE4C16E-B089-432A-A44A-D1FD7BDD8E24}"
EndProject
Project("{FAE04EC0-301F-11D3-BF4B-00C04F79EFBC}") = "Shift.Infrastructure", "src\Shift\Shift.Infrastructure\Shift.Infrastructure.csproj", "{E31D8EF8-8ADA-4546-9D73-6381CF4DB8AC}"
EndProject
Project("{FAE04EC0-301F-11D3-BF4B-00C04F79EFBC}") = "Shift.API", "src\Shift\Shift.API\Shift.API.csproj", "{651F2D9A-2B6C-48FC-A730-B718F28C5DBB}"
EndProject
Project("{2150E333-8FDC-42A3-9474-1A3956D46DE8}") = "Shared", "Shared", "{F827A2C6-1955-44EE-AFC0-E92D1C05992C}"
EndProject
Project("{2150E333-8FDC-42A3-9474-1A3956D46DE8}") = "Common", "Common", "{FD1EFBD5-5A6F-48C7-AD78-A2EE4FD3A5AB}"
EndProject
Project("{2150E333-8FDC-42A3-9474-1A3956D46DE8}") = "Inftrastructure", "Inftrastructure", "{32B01EF6-C2AA-4BC3-9572-E5AF70F69DC5}"
EndProject
Project("{2150E333-8FDC-42A3-9474-1A3956D46DE8}") = "Autofac", "Autofac", "{7F6AE3CD-0E1E-44AB-BE94-6F3FF5423F0E}"
EndProject
Project("{2150E333-8FDC-42A3-9474-1A3956D46DE8}") = "EntityFramework", "EntityFramework", "{0CE81B34-A43C-446B-B8AF-E0AAEBAA0710}"
EndProject
Project("{2150E333-8FDC-42A3-9474-1A3956D46DE8}") = "AutoMapper", "AutoMapper", "{5F8F0C9D-4640-4F1B-845B-E63EAAA2A563}"
EndProject
Project("{FAE04EC0-301F-11D3-BF4B-00C04F79EFBC}") = "Shared.Common", "src\Shared\Common\Shared.Common\Shared.Common.csproj", "{8CED7857-3A35-4322-A171-D7D8D1FECFE5}"
EndProject
Project("{FAE04EC0-301F-11D3-BF4B-00C04F79EFBC}") = "Shared.Common.Extensions.Configuration", "src\Shared\Common\Shared.Common.Extensions.Configuration\Shared.Common.Extensions.Configuration.csproj", "{BF9549A8-24C8-44F8-B425-18AD28422388}"
EndProject
Project("{FAE04EC0-301F-11D3-BF4B-00C04F79EFBC}") = "Infrastructure.Autofac", "src\Shared\Infrastructure\Autofac\Infrastructure.Autofac\Infrastructure.Autofac.csproj", "{B1300006-23B1-4D78-A118-2A27BF856E84}"
EndProject
Project("{FAE04EC0-301F-11D3-BF4B-00C04F79EFBC}") = "Infrastructure.EntityFramework", "src\Shared\Infrastructure\EntityFramework\Infrastructure.EntityFramework\Infrastructure.EntityFramework.csproj", "{5B90AE01-BA36-4FA5-94D0-332EF7862ABD}"
EndProject
Project("{FAE04EC0-301F-11D3-BF4B-00C04F79EFBC}") = "Infrastructure.EntityFramework.Extensions.Autofac", "src\Shared\Infrastructure\EntityFramework\Infrastructure.EntityFramework.Extensions.Autofac\Infrastructure.EntityFramework.Extensions.Autofac.csproj", "{9C7A57D8-0DA2-428B-8F96-11F85BCDDB5F}"
EndProject
Project("{FAE04EC0-301F-11D3-BF4B-00C04F79EFBC}") = "Infrastructure.AutoMapper", "src\Shared\Infrastructure\AutoMapper\Infrastructure.AutoMapper\Infrastructure.AutoMapper.csproj", "{E486BEB9-84A3-4FDA-86E2-4C4377F33390}"
EndProject
Project("{FAE04EC0-301F-11D3-BF4B-00C04F79EFBC}") = "Infrastructure.AutoMapper.Extensions.Autofac", "src\Shared\Infrastructure\AutoMapper\Infrastructure.AutoMapper.Extensions.Autofac\Infrastructure.AutoMapper.Extensions.Autofac.csproj", "{748A9F14-61BD-4910-8F14-760242AADA9F}"
EndProject
Project("{2150E333-8FDC-42A3-9474-1A3956D46DE8}") = "MediatR", "MediatR", "{E69687E2-DB9B-46DD-A957-143160B7C287}"
EndProject
Project("{FAE04EC0-301F-11D3-BF4B-00C04F79EFBC}") = "Infrastructure.MediatR", "src\Shared\Infrastructure\MediatR\Infrastructure.MediatR\Infrastructure.MediatR.csproj", "{E10681F3-F6C2-4F78-92E2-65E02B26D263}"
EndProject
Project("{FAE04EC0-301F-11D3-BF4B-00C04F79EFBC}") = "Infrastructure.MediatR.Extensions.Autofac", "src\Shared\Infrastructure\MediatR\Infrastructure.MediatR.Extensions.Autofac\Infrastructure.MediatR.Extensions.Autofac.csproj", "{027E4E4B-AF7C-44DF-8B22-EB4D55345559}"
EndProject
Project("{2150E333-8FDC-42A3-9474-1A3956D46DE8}") = "docker", "docker", "{FA8E1C71-4A10-4770-91F2-458CEFD81BE7}"
	ProjectSection(SolutionItems) = preProject
		docker-compose.mssql.yml = docker-compose.mssql.yml
		docker-compose.postgres.yml = docker-compose.postgres.yml
	EndProjectSection
EndProject
Project("{2150E333-8FDC-42A3-9474-1A3956D46DE8}") = "postman_collection", "postman_collection", "{0F616479-5919-4BB5-8686-9AFFA96CF964}"
	ProjectSection(SolutionItems) = preProject
		postman_collection\debezium-connector.postman_collection.json = postman_collection\debezium-connector.postman_collection.json
	EndProjectSection
EndProject
Project("{2150E333-8FDC-42A3-9474-1A3956D46DE8}") = "API", "API", "{1D53FF6A-73CB-4AEC-8FE3-918C115A8301}"
EndProject
Project("{FAE04EC0-301F-11D3-BF4B-00C04F79EFBC}") = "Shared.API", "src\Shared\API\Shared.API\Shared.API.csproj", "{ECAF70B8-CAC2-4697-9FD7-A141439662E5}"
EndProject
Project("{2150E333-8FDC-42A3-9474-1A3956D46DE8}") = "Kafka", "Kafka", "{ECB9DDD4-305F-4E63-B0A9-81AF415CFD0A}"
EndProject
Project("{FAE04EC0-301F-11D3-BF4B-00C04F79EFBC}") = "Infrastructure.Kafka", "src\Shared\Infrastructure\Kafka\Infrastructure.Kafka\Infrastructure.Kafka.csproj", "{9318695C-FB82-492D-9C6C-A2C6881EA80A}"
EndProject
Project("{FAE04EC0-301F-11D3-BF4B-00C04F79EFBC}") = "Infrastructure.Kafka.Extensions.Autofac", "src\Shared\Infrastructure\Kafka\Infrastructure.Kafka.Extensions.Autofac\Infrastructure.Kafka.Extensions.Autofac.csproj", "{6F312D62-B038-4CA0-9A26-8314565F3E21}"
EndProject
Global
	GlobalSection(SolutionConfigurationPlatforms) = preSolution
		Debug|Any CPU = Debug|Any CPU
		Release|Any CPU = Release|Any CPU
	EndGlobalSection
	GlobalSection(NestedProjects) = preSolution
		{64A9C930-BC41-4764-9056-539CC2E855BB} = {C49C16D5-D2DC-427C-9DC3-AD1CFA5785C8}
		{1690317C-391D-47B2-9656-B2891A396CE4} = {C49C16D5-D2DC-427C-9DC3-AD1CFA5785C8}
		{972B862E-53D3-441B-8C09-8EC04191B72A} = {64A9C930-BC41-4764-9056-539CC2E855BB}
		{C4B20621-906D-4E7F-90C4-CEF8E7A39A29} = {64A9C930-BC41-4764-9056-539CC2E855BB}
		{E31C51D1-E1E2-4464-BE6B-F5C17AC7B92A} = {64A9C930-BC41-4764-9056-539CC2E855BB}
		{60DC42E7-AF31-47B8-B896-3F6352CB6F8A} = {64A9C930-BC41-4764-9056-539CC2E855BB}
		{08410F88-2233-4C45-A180-1D0443883209} = {1690317C-391D-47B2-9656-B2891A396CE4}
		{AEE4C16E-B089-432A-A44A-D1FD7BDD8E24} = {1690317C-391D-47B2-9656-B2891A396CE4}
		{E31D8EF8-8ADA-4546-9D73-6381CF4DB8AC} = {1690317C-391D-47B2-9656-B2891A396CE4}
		{651F2D9A-2B6C-48FC-A730-B718F28C5DBB} = {1690317C-391D-47B2-9656-B2891A396CE4}
		{F827A2C6-1955-44EE-AFC0-E92D1C05992C} = {C49C16D5-D2DC-427C-9DC3-AD1CFA5785C8}
		{FD1EFBD5-5A6F-48C7-AD78-A2EE4FD3A5AB} = {F827A2C6-1955-44EE-AFC0-E92D1C05992C}
		{32B01EF6-C2AA-4BC3-9572-E5AF70F69DC5} = {F827A2C6-1955-44EE-AFC0-E92D1C05992C}
		{7F6AE3CD-0E1E-44AB-BE94-6F3FF5423F0E} = {32B01EF6-C2AA-4BC3-9572-E5AF70F69DC5}
		{0CE81B34-A43C-446B-B8AF-E0AAEBAA0710} = {32B01EF6-C2AA-4BC3-9572-E5AF70F69DC5}
		{5F8F0C9D-4640-4F1B-845B-E63EAAA2A563} = {32B01EF6-C2AA-4BC3-9572-E5AF70F69DC5}
		{8CED7857-3A35-4322-A171-D7D8D1FECFE5} = {FD1EFBD5-5A6F-48C7-AD78-A2EE4FD3A5AB}
		{BF9549A8-24C8-44F8-B425-18AD28422388} = {FD1EFBD5-5A6F-48C7-AD78-A2EE4FD3A5AB}
		{B1300006-23B1-4D78-A118-2A27BF856E84} = {7F6AE3CD-0E1E-44AB-BE94-6F3FF5423F0E}
		{5B90AE01-BA36-4FA5-94D0-332EF7862ABD} = {0CE81B34-A43C-446B-B8AF-E0AAEBAA0710}
		{9C7A57D8-0DA2-428B-8F96-11F85BCDDB5F} = {0CE81B34-A43C-446B-B8AF-E0AAEBAA0710}
		{E486BEB9-84A3-4FDA-86E2-4C4377F33390} = {5F8F0C9D-4640-4F1B-845B-E63EAAA2A563}
		{748A9F14-61BD-4910-8F14-760242AADA9F} = {5F8F0C9D-4640-4F1B-845B-E63EAAA2A563}
		{E69687E2-DB9B-46DD-A957-143160B7C287} = {32B01EF6-C2AA-4BC3-9572-E5AF70F69DC5}
		{E10681F3-F6C2-4F78-92E2-65E02B26D263} = {E69687E2-DB9B-46DD-A957-143160B7C287}
		{027E4E4B-AF7C-44DF-8B22-EB4D55345559} = {E69687E2-DB9B-46DD-A957-143160B7C287}
		{1D53FF6A-73CB-4AEC-8FE3-918C115A8301} = {F827A2C6-1955-44EE-AFC0-E92D1C05992C}
		{ECAF70B8-CAC2-4697-9FD7-A141439662E5} = {1D53FF6A-73CB-4AEC-8FE3-918C115A8301}
		{ECB9DDD4-305F-4E63-B0A9-81AF415CFD0A} = {32B01EF6-C2AA-4BC3-9572-E5AF70F69DC5}
		{9318695C-FB82-492D-9C6C-A2C6881EA80A} = {ECB9DDD4-305F-4E63-B0A9-81AF415CFD0A}
		{6F312D62-B038-4CA0-9A26-8314565F3E21} = {ECB9DDD4-305F-4E63-B0A9-81AF415CFD0A}
	EndGlobalSection
	GlobalSection(ProjectConfigurationPlatforms) = postSolution
		{972B862E-53D3-441B-8C09-8EC04191B72A}.Debug|Any CPU.ActiveCfg = Debug|Any CPU
		{972B862E-53D3-441B-8C09-8EC04191B72A}.Debug|Any CPU.Build.0 = Debug|Any CPU
		{972B862E-53D3-441B-8C09-8EC04191B72A}.Release|Any CPU.ActiveCfg = Release|Any CPU
		{972B862E-53D3-441B-8C09-8EC04191B72A}.Release|Any CPU.Build.0 = Release|Any CPU
		{C4B20621-906D-4E7F-90C4-CEF8E7A39A29}.Debug|Any CPU.ActiveCfg = Debug|Any CPU
		{C4B20621-906D-4E7F-90C4-CEF8E7A39A29}.Debug|Any CPU.Build.0 = Debug|Any CPU
		{C4B20621-906D-4E7F-90C4-CEF8E7A39A29}.Release|Any CPU.ActiveCfg = Release|Any CPU
		{C4B20621-906D-4E7F-90C4-CEF8E7A39A29}.Release|Any CPU.Build.0 = Release|Any CPU
		{E31C51D1-E1E2-4464-BE6B-F5C17AC7B92A}.Debug|Any CPU.ActiveCfg = Debug|Any CPU
		{E31C51D1-E1E2-4464-BE6B-F5C17AC7B92A}.Debug|Any CPU.Build.0 = Debug|Any CPU
		{E31C51D1-E1E2-4464-BE6B-F5C17AC7B92A}.Release|Any CPU.ActiveCfg = Release|Any CPU
		{E31C51D1-E1E2-4464-BE6B-F5C17AC7B92A}.Release|Any CPU.Build.0 = Release|Any CPU
		{60DC42E7-AF31-47B8-B896-3F6352CB6F8A}.Debug|Any CPU.ActiveCfg = Debug|Any CPU
		{60DC42E7-AF31-47B8-B896-3F6352CB6F8A}.Debug|Any CPU.Build.0 = Debug|Any CPU
		{60DC42E7-AF31-47B8-B896-3F6352CB6F8A}.Release|Any CPU.ActiveCfg = Release|Any CPU
		{60DC42E7-AF31-47B8-B896-3F6352CB6F8A}.Release|Any CPU.Build.0 = Release|Any CPU
		{08410F88-2233-4C45-A180-1D0443883209}.Debug|Any CPU.ActiveCfg = Debug|Any CPU
		{08410F88-2233-4C45-A180-1D0443883209}.Debug|Any CPU.Build.0 = Debug|Any CPU
		{08410F88-2233-4C45-A180-1D0443883209}.Release|Any CPU.ActiveCfg = Release|Any CPU
		{08410F88-2233-4C45-A180-1D0443883209}.Release|Any CPU.Build.0 = Release|Any CPU
		{AEE4C16E-B089-432A-A44A-D1FD7BDD8E24}.Debug|Any CPU.ActiveCfg = Debug|Any CPU
		{AEE4C16E-B089-432A-A44A-D1FD7BDD8E24}.Debug|Any CPU.Build.0 = Debug|Any CPU
		{AEE4C16E-B089-432A-A44A-D1FD7BDD8E24}.Release|Any CPU.ActiveCfg = Release|Any CPU
		{AEE4C16E-B089-432A-A44A-D1FD7BDD8E24}.Release|Any CPU.Build.0 = Release|Any CPU
		{E31D8EF8-8ADA-4546-9D73-6381CF4DB8AC}.Debug|Any CPU.ActiveCfg = Debug|Any CPU
		{E31D8EF8-8ADA-4546-9D73-6381CF4DB8AC}.Debug|Any CPU.Build.0 = Debug|Any CPU
		{E31D8EF8-8ADA-4546-9D73-6381CF4DB8AC}.Release|Any CPU.ActiveCfg = Release|Any CPU
		{E31D8EF8-8ADA-4546-9D73-6381CF4DB8AC}.Release|Any CPU.Build.0 = Release|Any CPU
		{651F2D9A-2B6C-48FC-A730-B718F28C5DBB}.Debug|Any CPU.ActiveCfg = Debug|Any CPU
		{651F2D9A-2B6C-48FC-A730-B718F28C5DBB}.Debug|Any CPU.Build.0 = Debug|Any CPU
		{651F2D9A-2B6C-48FC-A730-B718F28C5DBB}.Release|Any CPU.ActiveCfg = Release|Any CPU
		{651F2D9A-2B6C-48FC-A730-B718F28C5DBB}.Release|Any CPU.Build.0 = Release|Any CPU
		{8CED7857-3A35-4322-A171-D7D8D1FECFE5}.Debug|Any CPU.ActiveCfg = Debug|Any CPU
		{8CED7857-3A35-4322-A171-D7D8D1FECFE5}.Debug|Any CPU.Build.0 = Debug|Any CPU
		{8CED7857-3A35-4322-A171-D7D8D1FECFE5}.Release|Any CPU.ActiveCfg = Release|Any CPU
		{8CED7857-3A35-4322-A171-D7D8D1FECFE5}.Release|Any CPU.Build.0 = Release|Any CPU
		{BF9549A8-24C8-44F8-B425-18AD28422388}.Debug|Any CPU.ActiveCfg = Debug|Any CPU
		{BF9549A8-24C8-44F8-B425-18AD28422388}.Debug|Any CPU.Build.0 = Debug|Any CPU
		{BF9549A8-24C8-44F8-B425-18AD28422388}.Release|Any CPU.ActiveCfg = Release|Any CPU
		{BF9549A8-24C8-44F8-B425-18AD28422388}.Release|Any CPU.Build.0 = Release|Any CPU
		{B1300006-23B1-4D78-A118-2A27BF856E84}.Debug|Any CPU.ActiveCfg = Debug|Any CPU
		{B1300006-23B1-4D78-A118-2A27BF856E84}.Debug|Any CPU.Build.0 = Debug|Any CPU
		{B1300006-23B1-4D78-A118-2A27BF856E84}.Release|Any CPU.ActiveCfg = Release|Any CPU
		{B1300006-23B1-4D78-A118-2A27BF856E84}.Release|Any CPU.Build.0 = Release|Any CPU
		{5B90AE01-BA36-4FA5-94D0-332EF7862ABD}.Debug|Any CPU.ActiveCfg = Debug|Any CPU
		{5B90AE01-BA36-4FA5-94D0-332EF7862ABD}.Debug|Any CPU.Build.0 = Debug|Any CPU
		{5B90AE01-BA36-4FA5-94D0-332EF7862ABD}.Release|Any CPU.ActiveCfg = Release|Any CPU
		{5B90AE01-BA36-4FA5-94D0-332EF7862ABD}.Release|Any CPU.Build.0 = Release|Any CPU
		{9C7A57D8-0DA2-428B-8F96-11F85BCDDB5F}.Debug|Any CPU.ActiveCfg = Debug|Any CPU
		{9C7A57D8-0DA2-428B-8F96-11F85BCDDB5F}.Debug|Any CPU.Build.0 = Debug|Any CPU
		{9C7A57D8-0DA2-428B-8F96-11F85BCDDB5F}.Release|Any CPU.ActiveCfg = Release|Any CPU
		{9C7A57D8-0DA2-428B-8F96-11F85BCDDB5F}.Release|Any CPU.Build.0 = Release|Any CPU
		{E486BEB9-84A3-4FDA-86E2-4C4377F33390}.Debug|Any CPU.ActiveCfg = Debug|Any CPU
		{E486BEB9-84A3-4FDA-86E2-4C4377F33390}.Debug|Any CPU.Build.0 = Debug|Any CPU
		{E486BEB9-84A3-4FDA-86E2-4C4377F33390}.Release|Any CPU.ActiveCfg = Release|Any CPU
		{E486BEB9-84A3-4FDA-86E2-4C4377F33390}.Release|Any CPU.Build.0 = Release|Any CPU
		{748A9F14-61BD-4910-8F14-760242AADA9F}.Debug|Any CPU.ActiveCfg = Debug|Any CPU
		{748A9F14-61BD-4910-8F14-760242AADA9F}.Debug|Any CPU.Build.0 = Debug|Any CPU
		{748A9F14-61BD-4910-8F14-760242AADA9F}.Release|Any CPU.ActiveCfg = Release|Any CPU
		{748A9F14-61BD-4910-8F14-760242AADA9F}.Release|Any CPU.Build.0 = Release|Any CPU
		{E10681F3-F6C2-4F78-92E2-65E02B26D263}.Debug|Any CPU.ActiveCfg = Debug|Any CPU
		{E10681F3-F6C2-4F78-92E2-65E02B26D263}.Debug|Any CPU.Build.0 = Debug|Any CPU
		{E10681F3-F6C2-4F78-92E2-65E02B26D263}.Release|Any CPU.ActiveCfg = Release|Any CPU
		{E10681F3-F6C2-4F78-92E2-65E02B26D263}.Release|Any CPU.Build.0 = Release|Any CPU
		{027E4E4B-AF7C-44DF-8B22-EB4D55345559}.Debug|Any CPU.ActiveCfg = Debug|Any CPU
		{027E4E4B-AF7C-44DF-8B22-EB4D55345559}.Debug|Any CPU.Build.0 = Debug|Any CPU
		{027E4E4B-AF7C-44DF-8B22-EB4D55345559}.Release|Any CPU.ActiveCfg = Release|Any CPU
		{027E4E4B-AF7C-44DF-8B22-EB4D55345559}.Release|Any CPU.Build.0 = Release|Any CPU
		{ECAF70B8-CAC2-4697-9FD7-A141439662E5}.Debug|Any CPU.ActiveCfg = Debug|Any CPU
		{ECAF70B8-CAC2-4697-9FD7-A141439662E5}.Debug|Any CPU.Build.0 = Debug|Any CPU
		{ECAF70B8-CAC2-4697-9FD7-A141439662E5}.Release|Any CPU.ActiveCfg = Release|Any CPU
		{ECAF70B8-CAC2-4697-9FD7-A141439662E5}.Release|Any CPU.Build.0 = Release|Any CPU
		{9318695C-FB82-492D-9C6C-A2C6881EA80A}.Debug|Any CPU.ActiveCfg = Debug|Any CPU
		{9318695C-FB82-492D-9C6C-A2C6881EA80A}.Debug|Any CPU.Build.0 = Debug|Any CPU
		{9318695C-FB82-492D-9C6C-A2C6881EA80A}.Release|Any CPU.ActiveCfg = Release|Any CPU
		{9318695C-FB82-492D-9C6C-A2C6881EA80A}.Release|Any CPU.Build.0 = Release|Any CPU
		{6F312D62-B038-4CA0-9A26-8314565F3E21}.Debug|Any CPU.ActiveCfg = Debug|Any CPU
		{6F312D62-B038-4CA0-9A26-8314565F3E21}.Debug|Any CPU.Build.0 = Debug|Any CPU
		{6F312D62-B038-4CA0-9A26-8314565F3E21}.Release|Any CPU.ActiveCfg = Release|Any CPU
		{6F312D62-B038-4CA0-9A26-8314565F3E21}.Release|Any CPU.Build.0 = Release|Any CPU
	EndGlobalSection
EndGlobal
